
Microsoft Visual Studio Solution File, Format Version 12.00
# Visual Studio Version 16
VisualStudioVersion = 16.0.35026.282
MinimumVisualStudioVersion = 10.0.40219.1
Project("{FAE04EC0-301F-11D3-BF4B-00C04F79EFBC}") = "NHCommonImaginationWinFormsApp", "NHCommonImaginationWinFormsApp\NHCommonImaginationWinFormsApp.csproj", "{4A3DFFA6-BB50-4EBF-AA69-AB6E07BC4D02}"
EndProject
Global
	GlobalSection(SolutionConfigurationPlatforms) = preSolution
		Debug|Any CPU = Debug|Any CPU
		Release|Any CPU = Release|Any CPU
	EndGlobalSection
	GlobalSection(ProjectConfigurationPlatforms) = postSolution
		{4A3DFFA6-BB50-4EBF-AA69-AB6E07BC4D02}.Debug|Any CPU.ActiveCfg = Debug|Any CPU
		{4A3DFFA6-BB50-4EBF-AA69-AB6E07BC4D02}.Debug|Any CPU.Build.0 = Debug|Any CPU
		{4A3DFFA6-BB50-4EBF-AA69-AB6E07BC4D02}.Release|Any CPU.ActiveCfg = Release|Any CPU
		{4A3DFFA6-BB50-4EBF-AA69-AB6E07BC4D02}.Release|Any CPU.Build.0 = Release|Any CPU
	EndGlobalSection
	GlobalSection(SolutionProperties) = preSolution
		HideSolutionNode = FALSE
	EndGlobalSection
	GlobalSection(ExtensibilityGlobals) = postSolution
		SolutionGuid = {595EEBEE-7307-4B7C-AB4F-53273E38DE36}
	EndGlobalSection
EndGlobal
